
Microsoft Visual Studio Solution File, Format Version 12.00
# Visual Studio Version 17
VisualStudioVersion = 17.8.34511.84
MinimumVisualStudioVersion = 10.0.40219.1
Project("{FAE04EC0-301F-11D3-BF4B-00C04F79EFBC}") = "Fitness.BL", "Fitness.BL\Fitness.BL.csproj", "{FAC74125-91A3-4CC5-9061-4795BB7CEE5B}"
EndProject
Project("{FAE04EC0-301F-11D3-BF4B-00C04F79EFBC}") = "Fitness.CMD", "Fitness.CMD\Fitness.CMD.csproj", "{6ADC9FAE-5520-4D1C-B159-0ED0F6968AE0}"
EndProject
Global
	GlobalSection(SolutionConfigurationPlatforms) = preSolution
		Debug|Any CPU = Debug|Any CPU
		Release|Any CPU = Release|Any CPU
	EndGlobalSection
	GlobalSection(ProjectConfigurationPlatforms) = postSolution
		{FAC74125-91A3-4CC5-9061-4795BB7CEE5B}.Debug|Any CPU.ActiveCfg = Debug|Any CPU
		{FAC74125-91A3-4CC5-9061-4795BB7CEE5B}.Debug|Any CPU.Build.0 = Debug|Any CPU
		{FAC74125-91A3-4CC5-9061-4795BB7CEE5B}.Release|Any CPU.ActiveCfg = Release|Any CPU
		{FAC74125-91A3-4CC5-9061-4795BB7CEE5B}.Release|Any CPU.Build.0 = Release|Any CPU
		{6ADC9FAE-5520-4D1C-B159-0ED0F6968AE0}.Debug|Any CPU.ActiveCfg = Debug|Any CPU
		{6ADC9FAE-5520-4D1C-B159-0ED0F6968AE0}.Debug|Any CPU.Build.0 = Debug|Any CPU
		{6ADC9FAE-5520-4D1C-B159-0ED0F6968AE0}.Release|Any CPU.ActiveCfg = Release|Any CPU
		{6ADC9FAE-5520-4D1C-B159-0ED0F6968AE0}.Release|Any CPU.Build.0 = Release|Any CPU
	EndGlobalSection
	GlobalSection(SolutionProperties) = preSolution
		HideSolutionNode = FALSE
	EndGlobalSection
	GlobalSection(ExtensibilityGlobals) = postSolution
		SolutionGuid = {D84645FB-B1ED-4B62-9188-2DF5991FB7A5}
	EndGlobalSection
EndGlobal
